
Microsoft Visual Studio Solution File, Format Version 10.00
# Visual Studio 2008
Project("{FAE04EC0-301F-11D3-BF4B-00C04F79EFBC}") = "EveRefinery", "EveRefinery\EveRefinery.csproj", "{66AFEE67-1ADA-4363-A565-C75E7BF8DA8A}"
	ProjectSection(ProjectDependencies) = postProject
		{42961491-5B3B-4084-A394-1D182AA1D896} = {42961491-5B3B-4084-A394-1D182AA1D896}
	EndProjectSection
EndProject
Project("{FAE04EC0-301F-11D3-BF4B-00C04F79EFBC}") = "EveRefineryUpdater", "EveRefineryUpdater\EveRefineryUpdater.csproj", "{42961491-5B3B-4084-A394-1D182AA1D896}"
EndProject
Project("{FAE04EC0-301F-11D3-BF4B-00C04F79EFBC}") = "UserIDDemo", "UserIDDemo\UserIDDemo.csproj", "{FEEA9B98-1252-4C8C-871F-8478F7794460}"
EndProject
Project("{FAE04EC0-301F-11D3-BF4B-00C04F79EFBC}") = "UpdatePublisher", "UpdatePublisher\UpdatePublisher.csproj", "{E6EFCE35-166F-4240-8413-EA244D281991}"
EndProject
Global
	GlobalSection(SolutionConfigurationPlatforms) = preSolution
		Debug|Any CPU = Debug|Any CPU
		Release|Any CPU = Release|Any CPU
	EndGlobalSection
	GlobalSection(ProjectConfigurationPlatforms) = postSolution
		{66AFEE67-1ADA-4363-A565-C75E7BF8DA8A}.Debug|Any CPU.ActiveCfg = Debug|Any CPU
		{66AFEE67-1ADA-4363-A565-C75E7BF8DA8A}.Debug|Any CPU.Build.0 = Debug|Any CPU
		{66AFEE67-1ADA-4363-A565-C75E7BF8DA8A}.Release|Any CPU.ActiveCfg = Release|Any CPU
		{66AFEE67-1ADA-4363-A565-C75E7BF8DA8A}.Release|Any CPU.Build.0 = Release|Any CPU
		{42961491-5B3B-4084-A394-1D182AA1D896}.Debug|Any CPU.ActiveCfg = Debug|Any CPU
		{42961491-5B3B-4084-A394-1D182AA1D896}.Debug|Any CPU.Build.0 = Debug|Any CPU
		{42961491-5B3B-4084-A394-1D182AA1D896}.Release|Any CPU.ActiveCfg = Release|Any CPU
		{42961491-5B3B-4084-A394-1D182AA1D896}.Release|Any CPU.Build.0 = Release|Any CPU
		{FEEA9B98-1252-4C8C-871F-8478F7794460}.Debug|Any CPU.ActiveCfg = Debug|Any CPU
		{FEEA9B98-1252-4C8C-871F-8478F7794460}.Debug|Any CPU.Build.0 = Debug|Any CPU
		{FEEA9B98-1252-4C8C-871F-8478F7794460}.Release|Any CPU.ActiveCfg = Release|Any CPU
		{FEEA9B98-1252-4C8C-871F-8478F7794460}.Release|Any CPU.Build.0 = Release|Any CPU
		{E6EFCE35-166F-4240-8413-EA244D281991}.Debug|Any CPU.ActiveCfg = Debug|Any CPU
		{E6EFCE35-166F-4240-8413-EA244D281991}.Debug|Any CPU.Build.0 = Debug|Any CPU
		{E6EFCE35-166F-4240-8413-EA244D281991}.Release|Any CPU.ActiveCfg = Release|Any CPU
		{E6EFCE35-166F-4240-8413-EA244D281991}.Release|Any CPU.Build.0 = Release|Any CPU
	EndGlobalSection
	GlobalSection(SolutionProperties) = preSolution
		HideSolutionNode = FALSE
	EndGlobalSection
EndGlobal
